// !$*UTF8*$!
{
	archiveVersion = 1;
	classes = {
	};
	objectVersion = 56;
	objects = {

/* Begin PBXBuildFile section */
		23DD38C129A575740037FEF3 /* DrawingPracticeApp.swift in Sources */ = {isa = PBXBuildFile; fileRef = 23DD38C029A575740037FEF3 /* DrawingPracticeApp.swift */; };
		23DD38C329A575740037FEF3 /* ContentView.swift in Sources */ = {isa = PBXBuildFile; fileRef = 23DD38C229A575740037FEF3 /* ContentView.swift */; };
		23DD38C529A575750037FEF3 /* Assets.xcassets in Resources */ = {isa = PBXBuildFile; fileRef = 23DD38C429A575750037FEF3 /* Assets.xcassets */; };
		23DD38C929A575750037FEF3 /* Preview Assets.xcassets in Resources */ = {isa = PBXBuildFile; fileRef = 23DD38C829A575750037FEF3 /* Preview Assets.xcassets */; };
		23DD38D129A575E90037FEF3 /* LineModel1.swift in Sources */ = {isa = PBXBuildFile; fileRef = 23DD38D029A575E90037FEF3 /* LineModel1.swift */; };
		23DD38D329A5762E0037FEF3 /* ColorPicker1.swift in Sources */ = {isa = PBXBuildFile; fileRef = 23DD38D229A5762E0037FEF3 /* ColorPicker1.swift */; };
		23DD38D529A576F50037FEF3 /* DrawingView1.swift in Sources */ = {isa = PBXBuildFile; fileRef = 23DD38D429A576F50037FEF3 /* DrawingView1.swift */; };
		23E34AB529A824BB007110CF /* ChatGptFlowChart.swift in Sources */ = {isa = PBXBuildFile; fileRef = 23E34AB429A824BB007110CF /* ChatGptFlowChart.swift */; };
		23FCF5C429A6482A003881B4 /* DrawingView2.swift in Sources */ = {isa = PBXBuildFile; fileRef = 23FCF5C329A6482A003881B4 /* DrawingView2.swift */; };
		23FCF5C629A64883003881B4 /* Home.swift in Sources */ = {isa = PBXBuildFile; fileRef = 23FCF5C529A64883003881B4 /* Home.swift */; };
		23FCF5C929A64B2E003881B4 /* ChatGPTDrawingView.swift in Sources */ = {isa = PBXBuildFile; fileRef = 23FCF5C829A64B2E003881B4 /* ChatGPTDrawingView.swift */; };
		23FCF5CB29A64CFD003881B4 /* DrawingView3.swift in Sources */ = {isa = PBXBuildFile; fileRef = 23FCF5CA29A64CFD003881B4 /* DrawingView3.swift */; };
		23FCF5CD29A64D9D003881B4 /* MainView.swift in Sources */ = {isa = PBXBuildFile; fileRef = 23FCF5CC29A64D9D003881B4 /* MainView.swift */; };
/* End PBXBuildFile section */

/* Begin PBXFileReference section */
		23DD38BD29A575740037FEF3 /* DrawingPractice.app */ = {isa = PBXFileReference; explicitFileType = wrapper.application; includeInIndex = 0; path = DrawingPractice.app; sourceTree = BUILT_PRODUCTS_DIR; };
		23DD38C029A575740037FEF3 /* DrawingPracticeApp.swift */ = {isa = PBXFileReference; lastKnownFileType = sourcecode.swift; path = DrawingPracticeApp.swift; sourceTree = "<group>"; };
		23DD38C229A575740037FEF3 /* ContentView.swift */ = {isa = PBXFileReference; lastKnownFileType = sourcecode.swift; path = ContentView.swift; sourceTree = "<group>"; };
		23DD38C429A575750037FEF3 /* Assets.xcassets */ = {isa = PBXFileReference; lastKnownFileType = folder.assetcatalog; path = Assets.xcassets; sourceTree = "<group>"; };
		23DD38C629A575750037FEF3 /* DrawingPractice.entitlements */ = {isa = PBXFileReference; lastKnownFileType = text.plist.entitlements; path = DrawingPractice.entitlements; sourceTree = "<group>"; };
		23DD38C829A575750037FEF3 /* Preview Assets.xcassets */ = {isa = PBXFileReference; lastKnownFileType = folder.assetcatalog; path = "Preview Assets.xcassets"; sourceTree = "<group>"; };
		23DD38D029A575E90037FEF3 /* LineModel1.swift */ = {isa = PBXFileReference; lastKnownFileType = sourcecode.swift; path = LineModel1.swift; sourceTree = "<group>"; };
		23DD38D229A5762E0037FEF3 /* ColorPicker1.swift */ = {isa = PBXFileReference; lastKnownFileType = sourcecode.swift; path = ColorPicker1.swift; sourceTree = "<group>"; };
		23DD38D429A576F50037FEF3 /* DrawingView1.swift */ = {isa = PBXFileReference; lastKnownFileType = sourcecode.swift; path = DrawingView1.swift; sourceTree = "<group>"; };
		23E34AB429A824BB007110CF /* ChatGptFlowChart.swift */ = {isa = PBXFileReference; lastKnownFileType = sourcecode.swift; path = ChatGptFlowChart.swift; sourceTree = "<group>"; };
		23FCF5C329A6482A003881B4 /* DrawingView2.swift */ = {isa = PBXFileReference; lastKnownFileType = sourcecode.swift; path = DrawingView2.swift; sourceTree = "<group>"; };
		23FCF5C529A64883003881B4 /* Home.swift */ = {isa = PBXFileReference; lastKnownFileType = sourcecode.swift; path = Home.swift; sourceTree = "<group>"; };
		23FCF5C829A64B2E003881B4 /* ChatGPTDrawingView.swift */ = {isa = PBXFileReference; lastKnownFileType = sourcecode.swift; path = ChatGPTDrawingView.swift; sourceTree = "<group>"; };
		23FCF5CA29A64CFD003881B4 /* DrawingView3.swift */ = {isa = PBXFileReference; lastKnownFileType = sourcecode.swift; path = DrawingView3.swift; sourceTree = "<group>"; };
		23FCF5CC29A64D9D003881B4 /* MainView.swift */ = {isa = PBXFileReference; lastKnownFileType = sourcecode.swift; path = MainView.swift; sourceTree = "<group>"; };
/* End PBXFileReference section */

/* Begin PBXFrameworksBuildPhase section */
		23DD38BA29A575740037FEF3 /* Frameworks */ = {
			isa = PBXFrameworksBuildPhase;
			buildActionMask = 2147483647;
			files = (
			);
			runOnlyForDeploymentPostprocessing = 0;
		};
/* End PBXFrameworksBuildPhase section */

/* Begin PBXGroup section */
		23DD38B429A575740037FEF3 = {
			isa = PBXGroup;
			children = (
				23DD38BF29A575740037FEF3 /* DrawingPractice */,
				23DD38BE29A575740037FEF3 /* Products */,
			);
			sourceTree = "<group>";
		};
		23DD38BE29A575740037FEF3 /* Products */ = {
			isa = PBXGroup;
			children = (
				23DD38BD29A575740037FEF3 /* DrawingPractice.app */,
			);
			name = Products;
			sourceTree = "<group>";
		};
		23DD38BF29A575740037FEF3 /* DrawingPractice */ = {
			isa = PBXGroup;
			children = (
				23DD38C029A575740037FEF3 /* DrawingPracticeApp.swift */,
				23DD38C229A575740037FEF3 /* ContentView.swift */,
				23DD38CF29A575D80037FEF3 /* Practice-1 */,
				23FCF5C229A6480C003881B4 /* Practice-2 */,
				23FCF5C729A64B18003881B4 /* Practice-3 */,
				23DD38C429A575750037FEF3 /* Assets.xcassets */,
				23DD38C629A575750037FEF3 /* DrawingPractice.entitlements */,
				23DD38C729A575750037FEF3 /* Preview Content */,
			);
			path = DrawingPractice;
			sourceTree = "<group>";
		};
		23DD38C729A575750037FEF3 /* Preview Content */ = {
			isa = PBXGroup;
			children = (
				23DD38C829A575750037FEF3 /* Preview Assets.xcassets */,
			);
			path = "Preview Content";
			sourceTree = "<group>";
		};
		23DD38CF29A575D80037FEF3 /* Practice-1 */ = {
			isa = PBXGroup;
			children = (
				23DD38D029A575E90037FEF3 /* LineModel1.swift */,
				23DD38D229A5762E0037FEF3 /* ColorPicker1.swift */,
				23DD38D429A576F50037FEF3 /* DrawingView1.swift */,
			);
			path = "Practice-1";
			sourceTree = "<group>";
		};
		23FCF5C229A6480C003881B4 /* Practice-2 */ = {
			isa = PBXGroup;
			children = (
				23FCF5C329A6482A003881B4 /* DrawingView2.swift */,
				23FCF5C529A64883003881B4 /* Home.swift */,
			);
			path = "Practice-2";
			sourceTree = "<group>";
		};
		23FCF5C729A64B18003881B4 /* Practice-3 */ = {
			isa = PBXGroup;
			children = (
				23FCF5C829A64B2E003881B4 /* ChatGPTDrawingView.swift */,
				23FCF5CA29A64CFD003881B4 /* DrawingView3.swift */,
				23FCF5CC29A64D9D003881B4 /* MainView.swift */,
				23E34AB429A824BB007110CF /* ChatGptFlowChart.swift */,
			);
			path = "Practice-3";
			sourceTree = "<group>";
		};
/* End PBXGroup section */

/* Begin PBXNativeTarget section */
		23DD38BC29A575740037FEF3 /* DrawingPractice */ = {
			isa = PBXNativeTarget;
			buildConfigurationList = 23DD38CC29A575750037FEF3 /* Build configuration list for PBXNativeTarget "DrawingPractice" */;
			buildPhases = (
				23DD38B929A575740037FEF3 /* Sources */,
				23DD38BA29A575740037FEF3 /* Frameworks */,
				23DD38BB29A575740037FEF3 /* Resources */,
			);
			buildRules = (
			);
			dependencies = (
			);
			name = DrawingPractice;
			productName = DrawingPractice;
			productReference = 23DD38BD29A575740037FEF3 /* DrawingPractice.app */;
			productType = "com.apple.product-type.application";
		};
/* End PBXNativeTarget section */

/* Begin PBXProject section */
		23DD38B529A575740037FEF3 /* Project object */ = {
			isa = PBXProject;
			attributes = {
				BuildIndependentTargetsInParallel = 1;
				LastSwiftUpdateCheck = 1410;
				LastUpgradeCheck = 1410;
				TargetAttributes = {
					23DD38BC29A575740037FEF3 = {
						CreatedOnToolsVersion = 14.1;
					};
				};
			};
			buildConfigurationList = 23DD38B829A575740037FEF3 /* Build configuration list for PBXProject "DrawingPractice" */;
			compatibilityVersion = "Xcode 14.0";
			developmentRegion = en;
			hasScannedForEncodings = 0;
			knownRegions = (
				en,
				Base,
			);
			mainGroup = 23DD38B429A575740037FEF3;
			productRefGroup = 23DD38BE29A575740037FEF3 /* Products */;
			projectDirPath = "";
			projectRoot = "";
			targets = (
				23DD38BC29A575740037FEF3 /* DrawingPractice */,
			);
		};
/* End PBXProject section */

/* Begin PBXResourcesBuildPhase section */
		23DD38BB29A575740037FEF3 /* Resources */ = {
			isa = PBXResourcesBuildPhase;
			buildActionMask = 2147483647;
			files = (
				23DD38C929A575750037FEF3 /* Preview Assets.xcassets in Resources */,
				23DD38C529A575750037FEF3 /* Assets.xcassets in Resources */,
			);
			runOnlyForDeploymentPostprocessing = 0;
		};
/* End PBXResourcesBuildPhase section */

/* Begin PBXSourcesBuildPhase section */
		23DD38B929A575740037FEF3 /* Sources */ = {
			isa = PBXSourcesBuildPhase;
			buildActionMask = 2147483647;
			files = (
				23DD38C329A575740037FEF3 /* ContentView.swift in Sources */,
				23DD38D129A575E90037FEF3 /* LineModel1.swift in Sources */,
				23FCF5C429A6482A003881B4 /* DrawingView2.swift in Sources */,
				23FCF5CD29A64D9D003881B4 /* MainView.swift in Sources */,
				23DD38C129A575740037FEF3 /* DrawingPracticeApp.swift in Sources */,
				23E34AB529A824BB007110CF /* ChatGptFlowChart.swift in Sources */,
				23DD38D529A576F50037FEF3 /* DrawingView1.swift in Sources */,
				23FCF5C929A64B2E003881B4 /* ChatGPTDrawingView.swift in Sources */,
				23DD38D329A5762E0037FEF3 /* ColorPicker1.swift in Sources */,
				23FCF5C629A64883003881B4 /* Home.swift in Sources */,
				23FCF5CB29A64CFD003881B4 /* DrawingView3.swift in Sources */,
			);
			runOnlyForDeploymentPostprocessing = 0;
		};
/* End PBXSourcesBuildPhase section */

/* Begin XCBuildConfiguration section */
		23DD38CA29A575750037FEF3 /* Debug */ = {
			isa = XCBuildConfiguration;
			buildSettings = {
				ALWAYS_SEARCH_USER_PATHS = NO;
				CLANG_ANALYZER_NONNULL = YES;
				CLANG_ANALYZER_NUMBER_OBJECT_CONVERSION = YES_AGGRESSIVE;
				CLANG_CXX_LANGUAGE_STANDARD = "gnu++20";
				CLANG_ENABLE_MODULES = YES;
				CLANG_ENABLE_OBJC_ARC = YES;
				CLANG_ENABLE_OBJC_WEAK = YES;
				CLANG_WARN_BLOCK_CAPTURE_AUTORELEASING = YES;
				CLANG_WARN_BOOL_CONVERSION = YES;
				CLANG_WARN_COMMA = YES;
				CLANG_WARN_CONSTANT_CONVERSION = YES;
				CLANG_WARN_DEPRECATED_OBJC_IMPLEMENTATIONS = YES;
				CLANG_WARN_DIRECT_OBJC_ISA_USAGE = YES_ERROR;
				CLANG_WARN_DOCUMENTATION_COMMENTS = YES;
				CLANG_WARN_EMPTY_BODY = YES;
				CLANG_WARN_ENUM_CONVERSION = YES;
				CLANG_WARN_INFINITE_RECURSION = YES;
				CLANG_WARN_INT_CONVERSION = YES;
				CLANG_WARN_NON_LITERAL_NULL_CONVERSION = YES;
				CLANG_WARN_OBJC_IMPLICIT_RETAIN_SELF = YES;
				CLANG_WARN_OBJC_LITERAL_CONVERSION = YES;
				CLANG_WARN_OBJC_ROOT_CLASS = YES_ERROR;
				CLANG_WARN_QUOTED_INCLUDE_IN_FRAMEWORK_HEADER = YES;
				CLANG_WARN_RANGE_LOOP_ANALYSIS = YES;
				CLANG_WARN_STRICT_PROTOTYPES = YES;
				CLANG_WARN_SUSPICIOUS_MOVE = YES;
				CLANG_WARN_UNGUARDED_AVAILABILITY = YES_AGGRESSIVE;
				CLANG_WARN_UNREACHABLE_CODE = YES;
				CLANG_WARN__DUPLICATE_METHOD_MATCH = YES;
				COPY_PHASE_STRIP = NO;
				DEBUG_INFORMATION_FORMAT = dwarf;
				ENABLE_STRICT_OBJC_MSGSEND = YES;
				ENABLE_TESTABILITY = YES;
				GCC_C_LANGUAGE_STANDARD = gnu11;
				GCC_DYNAMIC_NO_PIC = NO;
				GCC_NO_COMMON_BLOCKS = YES;
				GCC_OPTIMIZATION_LEVEL = 0;
				GCC_PREPROCESSOR_DEFINITIONS = (
					"DEBUG=1",
					"$(inherited)",
				);
				GCC_WARN_64_TO_32_BIT_CONVERSION = YES;
				GCC_WARN_ABOUT_RETURN_TYPE = YES_ERROR;
				GCC_WARN_UNDECLARED_SELECTOR = YES;
				GCC_WARN_UNINITIALIZED_AUTOS = YES_AGGRESSIVE;
				GCC_WARN_UNUSED_FUNCTION = YES;
				GCC_WARN_UNUSED_VARIABLE = YES;
				MTL_ENABLE_DEBUG_INFO = INCLUDE_SOURCE;
				MTL_FAST_MATH = YES;
				ONLY_ACTIVE_ARCH = YES;
				SWIFT_ACTIVE_COMPILATION_CONDITIONS = DEBUG;
				SWIFT_OPTIMIZATION_LEVEL = "-Onone";
			};
			name = Debug;
		};
		23DD38CB29A575750037FEF3 /* Release */ = {
			isa = XCBuildConfiguration;
			buildSettings = {
				ALWAYS_SEARCH_USER_PATHS = NO;
				CLANG_ANALYZER_NONNULL = YES;
				CLANG_ANALYZER_NUMBER_OBJECT_CONVERSION = YES_AGGRESSIVE;
				CLANG_CXX_LANGUAGE_STANDARD = "gnu++20";
				CLANG_ENABLE_MODULES = YES;
				CLANG_ENABLE_OBJC_ARC = YES;
				CLANG_ENABLE_OBJC_WEAK = YES;
				CLANG_WARN_BLOCK_CAPTURE_AUTORELEASING = YES;
				CLANG_WARN_BOOL_CONVERSION = YES;
				CLANG_WARN_COMMA = YES;
				CLANG_WARN_CONSTANT_CONVERSION = YES;
				CLANG_WARN_DEPRECATED_OBJC_IMPLEMENTATIONS = YES;
				CLANG_WARN_DIRECT_OBJC_ISA_USAGE = YES_ERROR;
				CLANG_WARN_DOCUMENTATION_COMMENTS = YES;
				CLANG_WARN_EMPTY_BODY = YES;
				CLANG_WARN_ENUM_CONVERSION = YES;
				CLANG_WARN_INFINITE_RECURSION = YES;
				CLANG_WARN_INT_CONVERSION = YES;
				CLANG_WARN_NON_LITERAL_NULL_CONVERSION = YES;
				CLANG_WARN_OBJC_IMPLICIT_RETAIN_SELF = YES;
				CLANG_WARN_OBJC_LITERAL_CONVERSION = YES;
				CLANG_WARN_OBJC_ROOT_CLASS = YES_ERROR;
				CLANG_WARN_QUOTED_INCLUDE_IN_FRAMEWORK_HEADER = YES;
				CLANG_WARN_RANGE_LOOP_ANALYSIS = YES;
				CLANG_WARN_STRICT_PROTOTYPES = YES;
				CLANG_WARN_SUSPICIOUS_MOVE = YES;
				CLANG_WARN_UNGUARDED_AVAILABILITY = YES_AGGRESSIVE;
				CLANG_WARN_UNREACHABLE_CODE = YES;
				CLANG_WARN__DUPLICATE_METHOD_MATCH = YES;
				COPY_PHASE_STRIP = NO;
				DEBUG_INFORMATION_FORMAT = "dwarf-with-dsym";
				ENABLE_NS_ASSERTIONS = NO;
				ENABLE_STRICT_OBJC_MSGSEND = YES;
				GCC_C_LANGUAGE_STANDARD = gnu11;
				GCC_NO_COMMON_BLOCKS = YES;
				GCC_WARN_64_TO_32_BIT_CONVERSION = YES;
				GCC_WARN_ABOUT_RETURN_TYPE = YES_ERROR;
				GCC_WARN_UNDECLARED_SELECTOR = YES;
				GCC_WARN_UNINITIALIZED_AUTOS = YES_AGGRESSIVE;
				GCC_WARN_UNUSED_FUNCTION = YES;
				GCC_WARN_UNUSED_VARIABLE = YES;
				MTL_ENABLE_DEBUG_INFO = NO;
				MTL_FAST_MATH = YES;
				SWIFT_COMPILATION_MODE = wholemodule;
				SWIFT_OPTIMIZATION_LEVEL = "-O";
			};
			name = Release;
		};
		23DD38CD29A575750037FEF3 /* Debug */ = {
			isa = XCBuildConfiguration;
			buildSettings = {
				ASSETCATALOG_COMPILER_APPICON_NAME = AppIcon;
				ASSETCATALOG_COMPILER_GLOBAL_ACCENT_COLOR_NAME = AccentColor;
				CODE_SIGN_ENTITLEMENTS = DrawingPractice/DrawingPractice.entitlements;
				CODE_SIGN_STYLE = Automatic;
				CURRENT_PROJECT_VERSION = 1;
				DEVELOPMENT_ASSET_PATHS = "\"DrawingPractice/Preview Content\"";
				DEVELOPMENT_TEAM = 62693BZN4B;
				ENABLE_HARDENED_RUNTIME = YES;
				ENABLE_PREVIEWS = YES;
				GENERATE_INFOPLIST_FILE = YES;
				"INFOPLIST_KEY_UIApplicationSceneManifest_Generation[sdk=iphoneos*]" = YES;
				"INFOPLIST_KEY_UIApplicationSceneManifest_Generation[sdk=iphonesimulator*]" = YES;
				"INFOPLIST_KEY_UIApplicationSupportsIndirectInputEvents[sdk=iphoneos*]" = YES;
				"INFOPLIST_KEY_UIApplicationSupportsIndirectInputEvents[sdk=iphonesimulator*]" = YES;
				"INFOPLIST_KEY_UILaunchScreen_Generation[sdk=iphoneos*]" = YES;
				"INFOPLIST_KEY_UILaunchScreen_Generation[sdk=iphonesimulator*]" = YES;
				"INFOPLIST_KEY_UIStatusBarStyle[sdk=iphoneos*]" = UIStatusBarStyleDefault;
				"INFOPLIST_KEY_UIStatusBarStyle[sdk=iphonesimulator*]" = UIStatusBarStyleDefault;
				INFOPLIST_KEY_UISupportedInterfaceOrientations_iPad = "UIInterfaceOrientationPortrait UIInterfaceOrientationPortraitUpsideDown UIInterfaceOrientationLandscapeLeft UIInterfaceOrientationLandscapeRight";
				INFOPLIST_KEY_UISupportedInterfaceOrientations_iPhone = "UIInterfaceOrientationPortrait UIInterfaceOrientationLandscapeLeft UIInterfaceOrientationLandscapeRight";
				IPHONEOS_DEPLOYMENT_TARGET = 16.1;
				LD_RUNPATH_SEARCH_PATHS = "@executable_path/Frameworks";
				"LD_RUNPATH_SEARCH_PATHS[sdk=macosx*]" = "@executable_path/../Frameworks";
				MACOSX_DEPLOYMENT_TARGET = 13.0;
				MARKETING_VERSION = 1.0;
				PRODUCT_BUNDLE_IDENTIFIER = berkaydisli.DrawingPractice;
				PRODUCT_NAME = "$(TARGET_NAME)";
				SDKROOT = auto;
				SUPPORTED_PLATFORMS = "iphoneos iphonesimulator macosx";
				SWIFT_EMIT_LOC_STRINGS = YES;
				SWIFT_VERSION = 5.0;
				TARGETED_DEVICE_FAMILY = "1,2";
			};
			name = Debug;
		};
		23DD38CE29A575750037FEF3 /* Release */ = {
			isa = XCBuildConfiguration;
			buildSettings = {
				ASSETCATALOG_COMPILER_APPICON_NAME = AppIcon;
				ASSETCATALOG_COMPILER_GLOBAL_ACCENT_COLOR_NAME = AccentColor;
				CODE_SIGN_ENTITLEMENTS = DrawingPractice/DrawingPractice.entitlements;
				CODE_SIGN_STYLE = Automatic;
				CURRENT_PROJECT_VERSION = 1;
				DEVELOPMENT_ASSET_PATHS = "\"DrawingPractice/Preview Content\"";
				DEVELOPMENT_TEAM = 62693BZN4B;
				ENABLE_HARDENED_RUNTIME = YES;
				ENABLE_PREVIEWS = YES;
				GENERATE_INFOPLIST_FILE = YES;
				"INFOPLIST_KEY_UIApplicationSceneManifest_Generation[sdk=iphoneos*]" = YES;
				"INFOPLIST_KEY_UIApplicationSceneManifest_Generation[sdk=iphonesimulator*]" = YES;
				"INFOPLIST_KEY_UIApplicationSupportsIndirectInputEvents[sdk=iphoneos*]" = YES;
				"INFOPLIST_KEY_UIApplicationSupportsIndirectInputEvents[sdk=iphonesimulator*]" = YES;
				"INFOPLIST_KEY_UILaunchScreen_Generation[sdk=iphoneos*]" = YES;
				"INFOPLIST_KEY_UILaunchScreen_Generation[sdk=iphonesimulator*]" = YES;
				"INFOPLIST_KEY_UIStatusBarStyle[sdk=iphoneos*]" = UIStatusBarStyleDefault;
				"INFOPLIST_KEY_UIStatusBarStyle[sdk=iphonesimulator*]" = UIStatusBarStyleDefault;
				INFOPLIST_KEY_UISupportedInterfaceOrientations_iPad = "UIInterfaceOrientationPortrait UIInterfaceOrientationPortraitUpsideDown UIInterfaceOrientationLandscapeLeft UIInterfaceOrientationLandscapeRight";
				INFOPLIST_KEY_UISupportedInterfaceOrientations_iPhone = "UIInterfaceOrientationPortrait UIInterfaceOrientationLandscapeLeft UIInterfaceOrientationLandscapeRight";
				IPHONEOS_DEPLOYMENT_TARGET = 16.1;
				LD_RUNPATH_SEARCH_PATHS = "@executable_path/Frameworks";
				"LD_RUNPATH_SEARCH_PATHS[sdk=macosx*]" = "@executable_path/../Frameworks";
				MACOSX_DEPLOYMENT_TARGET = 13.0;
				MARKETING_VERSION = 1.0;
				PRODUCT_BUNDLE_IDENTIFIER = berkaydisli.DrawingPractice;
				PRODUCT_NAME = "$(TARGET_NAME)";
				SDKROOT = auto;
				SUPPORTED_PLATFORMS = "iphoneos iphonesimulator macosx";
				SWIFT_EMIT_LOC_STRINGS = YES;
				SWIFT_VERSION = 5.0;
				TARGETED_DEVICE_FAMILY = "1,2";
			};
			name = Release;
		};
/* End XCBuildConfiguration section */

/* Begin XCConfigurationList section */
		23DD38B829A575740037FEF3 /* Build configuration list for PBXProject "DrawingPractice" */ = {
			isa = XCConfigurationList;
			buildConfigurations = (
				23DD38CA29A575750037FEF3 /* Debug */,
				23DD38CB29A575750037FEF3 /* Release */,
			);
			defaultConfigurationIsVisible = 0;
			defaultConfigurationName = Release;
		};
		23DD38CC29A575750037FEF3 /* Build configuration list for PBXNativeTarget "DrawingPractice" */ = {
			isa = XCConfigurationList;
			buildConfigurations = (
				23DD38CD29A575750037FEF3 /* Debug */,
				23DD38CE29A575750037FEF3 /* Release */,
			);
			defaultConfigurationIsVisible = 0;
			defaultConfigurationName = Release;
		};
/* End XCConfigurationList section */
	};
	rootObject = 23DD38B529A575740037FEF3 /* Project object */;
}
